# This file is automatically @generated by Cargo.
# It is not intended for manual editing.
version = 3

[[package]]
name = "tangu"
version = "0.20.0"

[[package]]
name = "tangu-analysis"
version = "0.20.0"

[[package]]
name = "tangu-cli"
version = "0.20.0"

[[package]]
name = "tangu-formatting"
version = "0.20.0"

[[package]]
name = "tangu-language-server"
version = "0.20.0"

[[package]]
name = "tangu-lints"
version = "0.20.0"
